
Microsoft Visual Studio Solution File, Format Version 12.00
# Visual Studio Version 17
VisualStudioVersion = 17.12.35514.174 d17.12
MinimumVisualStudioVersion = 10.0.40219.1
Project("{FAE04EC0-301F-11D3-BF4B-00C04F79EFBC}") = "Fountain.Web.Wcf", "Fountain.Web.Wcf\Fountain.Web.Wcf.csproj", "{7A2A6DA4-7330-4C57-A15F-24BACA3C3E68}"
EndProject
Project("{FAE04EC0-301F-11D3-BF4B-00C04F79EFBC}") = "Fountain.Web.Demo", "Fountain.Web.Demo\Fountain.Web.Demo.csproj", "{08E57BC7-AEA6-4FE9-A2F7-50D9B666A089}"
EndProject
Project("{FAE04EC0-301F-11D3-BF4B-00C04F79EFBC}") = "Fountain.Web.Host", "Fountain.Web.Host\Fountain.Web.Host.csproj", "{98DFFDF1-1443-4140-AD09-D485614AA687}"
EndProject
Global
	GlobalSection(SolutionConfigurationPlatforms) = preSolution
		Debug|Any CPU = Debug|Any CPU
		Release|Any CPU = Release|Any CPU
	EndGlobalSection
	GlobalSection(ProjectConfigurationPlatforms) = postSolution
		{7A2A6DA4-7330-4C57-A15F-24BACA3C3E68}.Debug|Any CPU.ActiveCfg = Debug|Any CPU
		{7A2A6DA4-7330-4C57-A15F-24BACA3C3E68}.Debug|Any CPU.Build.0 = Debug|Any CPU
		{7A2A6DA4-7330-4C57-A15F-24BACA3C3E68}.Release|Any CPU.ActiveCfg = Release|Any CPU
		{7A2A6DA4-7330-4C57-A15F-24BACA3C3E68}.Release|Any CPU.Build.0 = Release|Any CPU
		{08E57BC7-AEA6-4FE9-A2F7-50D9B666A089}.Debug|Any CPU.ActiveCfg = Debug|Any CPU
		{08E57BC7-AEA6-4FE9-A2F7-50D9B666A089}.Debug|Any CPU.Build.0 = Debug|Any CPU
		{08E57BC7-AEA6-4FE9-A2F7-50D9B666A089}.Release|Any CPU.ActiveCfg = Release|Any CPU
		{08E57BC7-AEA6-4FE9-A2F7-50D9B666A089}.Release|Any CPU.Build.0 = Release|Any CPU
		{98DFFDF1-1443-4140-AD09-D485614AA687}.Debug|Any CPU.ActiveCfg = Debug|Any CPU
		{98DFFDF1-1443-4140-AD09-D485614AA687}.Debug|Any CPU.Build.0 = Debug|Any CPU
		{98DFFDF1-1443-4140-AD09-D485614AA687}.Release|Any CPU.ActiveCfg = Release|Any CPU
		{98DFFDF1-1443-4140-AD09-D485614AA687}.Release|Any CPU.Build.0 = Release|Any CPU
	EndGlobalSection
	GlobalSection(SolutionProperties) = preSolution
		HideSolutionNode = FALSE
	EndGlobalSection
EndGlobal
